
Microsoft Visual Studio Solution File, Format Version 12.00
# Visual Studio 2013
VisualStudioVersion = 12.0.31101.0
MinimumVisualStudioVersion = 10.0.40219.1
Project("{FAE04EC0-301F-11D3-BF4B-00C04F79EFBC}") = "01-SimpleMathOperationsTests", "01-SimpleMathOperationsTests\01-SimpleMathOperationsTests.csproj", "{43D27253-6760-4C56-8C83-EBC1C69BAC70}"
EndProject
Project("{FAE04EC0-301F-11D3-BF4B-00C04F79EFBC}") = "02-AdvancedMathOperationsTests", "02-AdvancedMathOperationsTests\02-AdvancedMathOperationsTests.csproj", "{6D75FC7C-CBE2-4658-ABE9-8D08B5B682EC}"
EndProject
Project("{FAE04EC0-301F-11D3-BF4B-00C04F79EFBC}") = "03-SortingAlgorithmTests", "03-SortingAlgorithmTests\03-SortingAlgorithmTests.csproj", "{631A208C-DF30-4E06-A946-1B6634825615}"
EndProject
Global
	GlobalSection(SolutionConfigurationPlatforms) = preSolution
		Debug|Any CPU = Debug|Any CPU
		Release|Any CPU = Release|Any CPU
	EndGlobalSection
	GlobalSection(ProjectConfigurationPlatforms) = postSolution
		{43D27253-6760-4C56-8C83-EBC1C69BAC70}.Debug|Any CPU.ActiveCfg = Debug|Any CPU
		{43D27253-6760-4C56-8C83-EBC1C69BAC70}.Debug|Any CPU.Build.0 = Debug|Any CPU
		{43D27253-6760-4C56-8C83-EBC1C69BAC70}.Release|Any CPU.ActiveCfg = Release|Any CPU
		{43D27253-6760-4C56-8C83-EBC1C69BAC70}.Release|Any CPU.Build.0 = Release|Any CPU
		{6D75FC7C-CBE2-4658-ABE9-8D08B5B682EC}.Debug|Any CPU.ActiveCfg = Debug|Any CPU
		{6D75FC7C-CBE2-4658-ABE9-8D08B5B682EC}.Debug|Any CPU.Build.0 = Debug|Any CPU
		{6D75FC7C-CBE2-4658-ABE9-8D08B5B682EC}.Release|Any CPU.ActiveCfg = Release|Any CPU
		{6D75FC7C-CBE2-4658-ABE9-8D08B5B682EC}.Release|Any CPU.Build.0 = Release|Any CPU
		{631A208C-DF30-4E06-A946-1B6634825615}.Debug|Any CPU.ActiveCfg = Debug|Any CPU
		{631A208C-DF30-4E06-A946-1B6634825615}.Debug|Any CPU.Build.0 = Debug|Any CPU
		{631A208C-DF30-4E06-A946-1B6634825615}.Release|Any CPU.ActiveCfg = Release|Any CPU
		{631A208C-DF30-4E06-A946-1B6634825615}.Release|Any CPU.Build.0 = Release|Any CPU
	EndGlobalSection
	GlobalSection(SolutionProperties) = preSolution
		HideSolutionNode = FALSE
	EndGlobalSection
EndGlobal
